
Microsoft Visual Studio Solution File, Format Version 12.00
# Visual Studio Version 17
VisualStudioVersion = 17.7.34031.279
MinimumVisualStudioVersion = 10.0.40219.1
Project("{FAE04EC0-301F-11D3-BF4B-00C04F79EFBC}") = "Database Project", "Database Project\Database Project.csproj", "{AAD9DC5E-3791-4ED1-B5A9-5936580DBD47}"
EndProject
Global
	GlobalSection(SolutionConfigurationPlatforms) = preSolution
		Debug|Any CPU = Debug|Any CPU
		Release|Any CPU = Release|Any CPU
	EndGlobalSection
	GlobalSection(ProjectConfigurationPlatforms) = postSolution
		{AAD9DC5E-3791-4ED1-B5A9-5936580DBD47}.Debug|Any CPU.ActiveCfg = Debug|Any CPU
		{AAD9DC5E-3791-4ED1-B5A9-5936580DBD47}.Debug|Any CPU.Build.0 = Debug|Any CPU
		{AAD9DC5E-3791-4ED1-B5A9-5936580DBD47}.Release|Any CPU.ActiveCfg = Release|Any CPU
		{AAD9DC5E-3791-4ED1-B5A9-5936580DBD47}.Release|Any CPU.Build.0 = Release|Any CPU
	EndGlobalSection
	GlobalSection(SolutionProperties) = preSolution
		HideSolutionNode = FALSE
	EndGlobalSection
	GlobalSection(ExtensibilityGlobals) = postSolution
		SolutionGuid = {041259BD-C011-4893-A08A-74D47F04B5DD}
	EndGlobalSection
EndGlobal
